
Microsoft Visual Studio Solution File, Format Version 12.00
# Visual Studio Version 16
VisualStudioVersion = 16.0.29926.136
MinimumVisualStudioVersion = 10.0.40219.1
Project("{FAE04EC0-301F-11D3-BF4B-00C04F79EFBC}") = "DataGrid2DLibrary", "..\DataGrid2DTest\DataGrid2DLibrary\DataGrid2DLibrary.csproj", "{7D76D9E7-AF25-4AA5-995B-E1A526F192EA}"
EndProject
Project("{FAE04EC0-301F-11D3-BF4B-00C04F79EFBC}") = "Finite-state machine (abstract)", "Finite-state machine\Finite-state machine (abstract).csproj", "{7455BE4E-BED8-424A-854C-68E99FE9A21C}"
EndProject
Global
	GlobalSection(SolutionConfigurationPlatforms) = preSolution
		Debug|Any CPU = Debug|Any CPU
		Release|Any CPU = Release|Any CPU
	EndGlobalSection
	GlobalSection(ProjectConfigurationPlatforms) = postSolution
		{7D76D9E7-AF25-4AA5-995B-E1A526F192EA}.Debug|Any CPU.ActiveCfg = Debug|Any CPU
		{7D76D9E7-AF25-4AA5-995B-E1A526F192EA}.Debug|Any CPU.Build.0 = Debug|Any CPU
		{7D76D9E7-AF25-4AA5-995B-E1A526F192EA}.Release|Any CPU.ActiveCfg = Release|Any CPU
		{7D76D9E7-AF25-4AA5-995B-E1A526F192EA}.Release|Any CPU.Build.0 = Release|Any CPU
		{7455BE4E-BED8-424A-854C-68E99FE9A21C}.Debug|Any CPU.ActiveCfg = Debug|Any CPU
		{7455BE4E-BED8-424A-854C-68E99FE9A21C}.Debug|Any CPU.Build.0 = Debug|Any CPU
		{7455BE4E-BED8-424A-854C-68E99FE9A21C}.Release|Any CPU.ActiveCfg = Release|Any CPU
		{7455BE4E-BED8-424A-854C-68E99FE9A21C}.Release|Any CPU.Build.0 = Release|Any CPU
	EndGlobalSection
	GlobalSection(SolutionProperties) = preSolution
		HideSolutionNode = FALSE
	EndGlobalSection
	GlobalSection(ExtensibilityGlobals) = postSolution
		SolutionGuid = {B150A5B6-30CF-4F9E-8E1B-C1727410F780}
	EndGlobalSection
EndGlobal
